
Microsoft Visual Studio Solution File, Format Version 12.00
# Visual Studio 15
VisualStudioVersion = 15.0.26124.0
MinimumVisualStudioVersion = 15.0.26124.0
Project("{FAE04EC0-301F-11D3-BF4B-00C04F79EFBC}") = "MemoryManagement", "MemoryManagement\MemoryManagement.csproj", "{2B4E519D-11DB-42B6-867C-5B71F8940AC5}"
EndProject
Project("{FAE04EC0-301F-11D3-BF4B-00C04F79EFBC}") = "Tests", "Tests\Tests.csproj", "{83F46E92-E7CF-4335-B0C4-599A250107F1}"
EndProject
Global
	GlobalSection(SolutionConfigurationPlatforms) = preSolution
		Debug|Any CPU = Debug|Any CPU
		Debug|x64 = Debug|x64
		Debug|x86 = Debug|x86
		Release|Any CPU = Release|Any CPU
		Release|x64 = Release|x64
		Release|x86 = Release|x86
	EndGlobalSection
	GlobalSection(SolutionProperties) = preSolution
		HideSolutionNode = FALSE
	EndGlobalSection
	GlobalSection(ProjectConfigurationPlatforms) = postSolution
		{2B4E519D-11DB-42B6-867C-5B71F8940AC5}.Debug|Any CPU.ActiveCfg = Debug|Any CPU
		{2B4E519D-11DB-42B6-867C-5B71F8940AC5}.Debug|Any CPU.Build.0 = Debug|Any CPU
		{2B4E519D-11DB-42B6-867C-5B71F8940AC5}.Debug|x64.ActiveCfg = Debug|Any CPU
		{2B4E519D-11DB-42B6-867C-5B71F8940AC5}.Debug|x64.Build.0 = Debug|Any CPU
		{2B4E519D-11DB-42B6-867C-5B71F8940AC5}.Debug|x86.ActiveCfg = Debug|Any CPU
		{2B4E519D-11DB-42B6-867C-5B71F8940AC5}.Debug|x86.Build.0 = Debug|Any CPU
		{2B4E519D-11DB-42B6-867C-5B71F8940AC5}.Release|Any CPU.ActiveCfg = Release|Any CPU
		{2B4E519D-11DB-42B6-867C-5B71F8940AC5}.Release|Any CPU.Build.0 = Release|Any CPU
		{2B4E519D-11DB-42B6-867C-5B71F8940AC5}.Release|x64.ActiveCfg = Release|Any CPU
		{2B4E519D-11DB-42B6-867C-5B71F8940AC5}.Release|x64.Build.0 = Release|Any CPU
		{2B4E519D-11DB-42B6-867C-5B71F8940AC5}.Release|x86.ActiveCfg = Release|Any CPU
		{2B4E519D-11DB-42B6-867C-5B71F8940AC5}.Release|x86.Build.0 = Release|Any CPU
		{60BFBF81-3F4A-4F02-B082-DD0E7D4603FA}.Debug|Any CPU.ActiveCfg = Debug|Any CPU
		{60BFBF81-3F4A-4F02-B082-DD0E7D4603FA}.Debug|Any CPU.Build.0 = Debug|Any CPU
		{60BFBF81-3F4A-4F02-B082-DD0E7D4603FA}.Debug|x64.ActiveCfg = Debug|Any CPU
		{60BFBF81-3F4A-4F02-B082-DD0E7D4603FA}.Debug|x64.Build.0 = Debug|Any CPU
		{60BFBF81-3F4A-4F02-B082-DD0E7D4603FA}.Debug|x86.ActiveCfg = Debug|Any CPU
		{60BFBF81-3F4A-4F02-B082-DD0E7D4603FA}.Debug|x86.Build.0 = Debug|Any CPU
		{60BFBF81-3F4A-4F02-B082-DD0E7D4603FA}.Release|Any CPU.ActiveCfg = Release|Any CPU
		{60BFBF81-3F4A-4F02-B082-DD0E7D4603FA}.Release|Any CPU.Build.0 = Release|Any CPU
		{60BFBF81-3F4A-4F02-B082-DD0E7D4603FA}.Release|x64.ActiveCfg = Release|Any CPU
		{60BFBF81-3F4A-4F02-B082-DD0E7D4603FA}.Release|x64.Build.0 = Release|Any CPU
		{60BFBF81-3F4A-4F02-B082-DD0E7D4603FA}.Release|x86.ActiveCfg = Release|Any CPU
		{60BFBF81-3F4A-4F02-B082-DD0E7D4603FA}.Release|x86.Build.0 = Release|Any CPU
		{83F46E92-E7CF-4335-B0C4-599A250107F1}.Debug|Any CPU.ActiveCfg = Debug|Any CPU
		{83F46E92-E7CF-4335-B0C4-599A250107F1}.Debug|Any CPU.Build.0 = Debug|Any CPU
		{83F46E92-E7CF-4335-B0C4-599A250107F1}.Debug|x64.ActiveCfg = Debug|Any CPU
		{83F46E92-E7CF-4335-B0C4-599A250107F1}.Debug|x64.Build.0 = Debug|Any CPU
		{83F46E92-E7CF-4335-B0C4-599A250107F1}.Debug|x86.ActiveCfg = Debug|Any CPU
		{83F46E92-E7CF-4335-B0C4-599A250107F1}.Debug|x86.Build.0 = Debug|Any CPU
		{83F46E92-E7CF-4335-B0C4-599A250107F1}.Release|Any CPU.ActiveCfg = Release|Any CPU
		{83F46E92-E7CF-4335-B0C4-599A250107F1}.Release|Any CPU.Build.0 = Release|Any CPU
		{83F46E92-E7CF-4335-B0C4-599A250107F1}.Release|x64.ActiveCfg = Release|Any CPU
		{83F46E92-E7CF-4335-B0C4-599A250107F1}.Release|x64.Build.0 = Release|Any CPU
		{83F46E92-E7CF-4335-B0C4-599A250107F1}.Release|x86.ActiveCfg = Release|Any CPU
		{83F46E92-E7CF-4335-B0C4-599A250107F1}.Release|x86.Build.0 = Release|Any CPU
	EndGlobalSection
EndGlobal
